{
  "lockfileVersion": 1,
  "workspaces": {
    "": {
      "name": "react-tailwind-spa",
      "dependencies": {
        "bun-plugin-tailwind": "^0.0.15",
        "lucide-react": "^0.541.0",
        "react": "19",
        "react-dom": "19",
        "tailwindcss": "^4.1.12",
      },
    },
  },
  "packages": {
    "bun-plugin-tailwind": ["bun-plugin-tailwind@0.0.15", "", { "peerDependencies": { "typescript": "^5.0.0" } }, "sha512-qtAXMNGG4R0UGGI8zWrqm2B7BdXqx48vunJXBPzfDOHPA5WkRUZdTSbE7TFwO4jLhYqSE23YMWsM9NhE6ovobw=="],

    "lucide-react": ["lucide-react@0.541.0", "", { "peerDependencies": { "react": "^16.5.1 || ^17.0.0 || ^18.0.0 || ^19.0.0" } }, "sha512-s0Vircsu5WaGv2KoJZ5+SoxiAJ3UXV5KqEM3eIFDHaHkcLIFdIWgXtZ412+Gh02UsdS7Was+jvEpBvPCWQISlg=="],

    "react": ["react@19.1.1", "", {}, "sha512-w8nqGImo45dmMIfljjMwOGtbmC/mk4CMYhWIicdSflH91J9TyCyczcPFXJzrZ/ZXcgGRFeP6BU0BEJTw6tZdfQ=="],

    "react-dom": ["react-dom@19.1.1", "", { "dependencies": { "scheduler": "^0.26.0" }, "peerDependencies": { "react": "^19.1.1" } }, "sha512-Dlq/5LAZgF0Gaz6yiqZCf6VCcZs1ghAJyrsu84Q/GT0gV+mCxbfmKNoGRKBYMJ8IEdGPqu49YWXD02GCknEDkw=="],

    "scheduler": ["scheduler@0.26.0", "", {}, "sha512-NlHwttCI/l5gCPR3D1nNXtWABUmBwvZpEQiD4IXSbIDq8BzLIK/7Ir5gTFSGZDUu37K5cMNp0hFtzO38sC7gWA=="],

    "tailwindcss": ["tailwindcss@4.1.12", "", {}, "sha512-DzFtxOi+7NsFf7DBtI3BJsynR+0Yp6etH+nRPTbpWnS2pZBaSksv/JGctNwSWzbFjp0vxSqknaUylseZqMDGrA=="],

    "typescript": ["typescript@5.9.2", "", { "bin": { "tsc": "bin/tsc", "tsserver": "bin/tsserver" } }, "sha512-CWBzXQrc/qOkhidw1OzBTQuYRbfyxDXJMVJ1XNwUHGROVmuaeiEm3OslpZ1RV96d7SKKjZKrSJu3+t/xlw3R9A=="],
  }
}
